// !$*UTF8*$!
{
	archiveVersion = 1;
	classes = {
	};
	objectVersion = 46;
	objects = {

/* Begin PBXBuildFile section */
		94AEA8DC1DCF753A00C84B69 /* AppDelegate.swift in Sources */ = {isa = PBXBuildFile; fileRef = 94AEA8DB1DCF753A00C84B69 /* AppDelegate.swift */; };
		94AEA8DE1DCF753A00C84B69 /* ViewController.swift in Sources */ = {isa = PBXBuildFile; fileRef = 94AEA8DD1DCF753A00C84B69 /* ViewController.swift */; };
		94AEA8E11DCF753A00C84B69 /* Main.storyboard in Resources */ = {isa = PBXBuildFile; fileRef = 94AEA8DF1DCF753A00C84B69 /* Main.storyboard */; };
		94AEA8E31DCF753A00C84B69 /* Assets.xcassets in Resources */ = {isa = PBXBuildFile; fileRef = 94AEA8E21DCF753A00C84B69 /* Assets.xcassets */; };
		94AEA8E61DCF753A00C84B69 /* LaunchScreen.storyboard in Resources */ = {isa = PBXBuildFile; fileRef = 94AEA8E41DCF753A00C84B69 /* LaunchScreen.storyboard */; };
		94AEA8F11DCF753A00C84B69 /* HamburguesasDelMundoTests.swift in Sources */ = {isa = PBXBuildFile; fileRef = 94AEA8F01DCF753A00C84B69 /* HamburguesasDelMundoTests.swift */; };
		94AEA8FC1DCF753A00C84B69 /* HamburguesasDelMundoUITests.swift in Sources */ = {isa = PBXBuildFile; fileRef = 94AEA8FB1DCF753A00C84B69 /* HamburguesasDelMundoUITests.swift */; };
		94AEA90A1DCF78C700C84B69 /* Datos.swift in Sources */ = {isa = PBXBuildFile; fileRef = 94AEA9091DCF78C700C84B69 /* Datos.swift */; };
/* End PBXBuildFile section */

/* Begin PBXContainerItemProxy section */
		94AEA8ED1DCF753A00C84B69 /* PBXContainerItemProxy */ = {
			isa = PBXContainerItemProxy;
			containerPortal = 94AEA8D01DCF753A00C84B69 /* Project object */;
			proxyType = 1;
			remoteGlobalIDString = 94AEA8D71DCF753A00C84B69;
			remoteInfo = HamburguesasDelMundo;
		};
		94AEA8F81DCF753A00C84B69 /* PBXContainerItemProxy */ = {
			isa = PBXContainerItemProxy;
			containerPortal = 94AEA8D01DCF753A00C84B69 /* Project object */;
			proxyType = 1;
			remoteGlobalIDString = 94AEA8D71DCF753A00C84B69;
			remoteInfo = HamburguesasDelMundo;
		};
/* End PBXContainerItemProxy section */

/* Begin PBXFileReference section */
		94AEA8D81DCF753A00C84B69 /* HamburguesasDelMundo.app */ = {isa = PBXFileReference; explicitFileType = wrapper.application; includeInIndex = 0; path = HamburguesasDelMundo.app; sourceTree = BUILT_PRODUCTS_DIR; };
		94AEA8DB1DCF753A00C84B69 /* AppDelegate.swift */ = {isa = PBXFileReference; lastKnownFileType = sourcecode.swift; path = AppDelegate.swift; sourceTree = "<group>"; };
		94AEA8DD1DCF753A00C84B69 /* ViewController.swift */ = {isa = PBXFileReference; lastKnownFileType = sourcecode.swift; path = ViewController.swift; sourceTree = "<group>"; };
		94AEA8E01DCF753A00C84B69 /* Base */ = {isa = PBXFileReference; lastKnownFileType = file.storyboard; name = Base; path = Base.lproj/Main.storyboard; sourceTree = "<group>"; };
		94AEA8E21DCF753A00C84B69 /* Assets.xcassets */ = {isa = PBXFileReference; lastKnownFileType = folder.assetcatalog; path = Assets.xcassets; sourceTree = "<group>"; };
		94AEA8E51DCF753A00C84B69 /* Base */ = {isa = PBXFileReference; lastKnownFileType = file.storyboard; name = Base; path = Base.lproj/LaunchScreen.storyboard; sourceTree = "<group>"; };
		94AEA8E71DCF753A00C84B69 /* Info.plist */ = {isa = PBXFileReference; lastKnownFileType = text.plist.xml; path = Info.plist; sourceTree = "<group>"; };
		94AEA8EC1DCF753A00C84B69 /* HamburguesasDelMundoTests.xctest */ = {isa = PBXFileReference; explicitFileType = wrapper.cfbundle; includeInIndex = 0; path = HamburguesasDelMundoTests.xctest; sourceTree = BUILT_PRODUCTS_DIR; };
		94AEA8F01DCF753A00C84B69 /* HamburguesasDelMundoTests.swift */ = {isa = PBXFileReference; lastKnownFileType = sourcecode.swift; path = HamburguesasDelMundoTests.swift; sourceTree = "<group>"; };
		94AEA8F21DCF753A00C84B69 /* Info.plist */ = {isa = PBXFileReference; lastKnownFileType = text.plist.xml; path = Info.plist; sourceTree = "<group>"; };
		94AEA8F71DCF753A00C84B69 /* HamburguesasDelMundoUITests.xctest */ = {isa = PBXFileReference; explicitFileType = wrapper.cfbundle; includeInIndex = 0; path = HamburguesasDelMundoUITests.xctest; sourceTree = BUILT_PRODUCTS_DIR; };
		94AEA8FB1DCF753A00C84B69 /* HamburguesasDelMundoUITests.swift */ = {isa = PBXFileReference; lastKnownFileType = sourcecode.swift; path = HamburguesasDelMundoUITests.swift; sourceTree = "<group>"; };
		94AEA8FD1DCF753A00C84B69 /* Info.plist */ = {isa = PBXFileReference; lastKnownFileType = text.plist.xml; path = Info.plist; sourceTree = "<group>"; };
		94AEA9091DCF78C700C84B69 /* Datos.swift */ = {isa = PBXFileReference; fileEncoding = 4; lastKnownFileType = sourcecode.swift; path = Datos.swift; sourceTree = "<group>"; };
/* End PBXFileReference section */

/* Begin PBXFrameworksBuildPhase section */
		94AEA8D51DCF753A00C84B69 /* Frameworks */ = {
			isa = PBXFrameworksBuildPhase;
			buildActionMask = 2147483647;
			files = (
			);
			runOnlyForDeploymentPostprocessing = 0;
		};
		94AEA8E91DCF753A00C84B69 /* Frameworks */ = {
			isa = PBXFrameworksBuildPhase;
			buildActionMask = 2147483647;
			files = (
			);
			runOnlyForDeploymentPostprocessing = 0;
		};
		94AEA8F41DCF753A00C84B69 /* Frameworks */ = {
			isa = PBXFrameworksBuildPhase;
			buildActionMask = 2147483647;
			files = (
			);
			runOnlyForDeploymentPostprocessing = 0;
		};
/* End PBXFrameworksBuildPhase section */

/* Begin PBXGroup section */
		94AEA8CF1DCF753A00C84B69 = {
			isa = PBXGroup;
			children = (
				94AEA8DA1DCF753A00C84B69 /* HamburguesasDelMundo */,
				94AEA8EF1DCF753A00C84B69 /* HamburguesasDelMundoTests */,
				94AEA8FA1DCF753A00C84B69 /* HamburguesasDelMundoUITests */,
				94AEA8D91DCF753A00C84B69 /* Products */,
			);
			sourceTree = "<group>";
		};
		94AEA8D91DCF753A00C84B69 /* Products */ = {
			isa = PBXGroup;
			children = (
				94AEA8D81DCF753A00C84B69 /* HamburguesasDelMundo.app */,
				94AEA8EC1DCF753A00C84B69 /* HamburguesasDelMundoTests.xctest */,
				94AEA8F71DCF753A00C84B69 /* HamburguesasDelMundoUITests.xctest */,
			);
			name = Products;
			sourceTree = "<group>";
		};
		94AEA8DA1DCF753A00C84B69 /* HamburguesasDelMundo */ = {
			isa = PBXGroup;
			children = (
				94AEA8DB1DCF753A00C84B69 /* AppDelegate.swift */,
				94AEA8DD1DCF753A00C84B69 /* ViewController.swift */,
				94AEA8DF1DCF753A00C84B69 /* Main.storyboard */,
				94AEA8E21DCF753A00C84B69 /* Assets.xcassets */,
				94AEA8E41DCF753A00C84B69 /* LaunchScreen.storyboard */,
				94AEA8E71DCF753A00C84B69 /* Info.plist */,
				94AEA9091DCF78C700C84B69 /* Datos.swift */,
			);
			path = HamburguesasDelMundo;
			sourceTree = "<group>";
		};
		94AEA8EF1DCF753A00C84B69 /* HamburguesasDelMundoTests */ = {
			isa = PBXGroup;
			children = (
				94AEA8F01DCF753A00C84B69 /* HamburguesasDelMundoTests.swift */,
				94AEA8F21DCF753A00C84B69 /* Info.plist */,
			);
			path = HamburguesasDelMundoTests;
			sourceTree = "<group>";
		};
		94AEA8FA1DCF753A00C84B69 /* HamburguesasDelMundoUITests */ = {
			isa = PBXGroup;
			children = (
				94AEA8FB1DCF753A00C84B69 /* HamburguesasDelMundoUITests.swift */,
				94AEA8FD1DCF753A00C84B69 /* Info.plist */,
			);
			path = HamburguesasDelMundoUITests;
			sourceTree = "<group>";
		};
/* End PBXGroup section */

/* Begin PBXNativeTarget section */
		94AEA8D71DCF753A00C84B69 /* HamburguesasDelMundo */ = {
			isa = PBXNativeTarget;
			buildConfigurationList = 94AEA9001DCF753A00C84B69 /* Build configuration list for PBXNativeTarget "HamburguesasDelMundo" */;
			buildPhases = (
				94AEA8D41DCF753A00C84B69 /* Sources */,
				94AEA8D51DCF753A00C84B69 /* Frameworks */,
				94AEA8D61DCF753A00C84B69 /* Resources */,
			);
			buildRules = (
			);
			dependencies = (
			);
			name = HamburguesasDelMundo;
			productName = HamburguesasDelMundo;
			productReference = 94AEA8D81DCF753A00C84B69 /* HamburguesasDelMundo.app */;
			productType = "com.apple.product-type.application";
		};
		94AEA8EB1DCF753A00C84B69 /* HamburguesasDelMundoTests */ = {
			isa = PBXNativeTarget;
			buildConfigurationList = 94AEA9031DCF753A00C84B69 /* Build configuration list for PBXNativeTarget "HamburguesasDelMundoTests" */;
			buildPhases = (
				94AEA8E81DCF753A00C84B69 /* Sources */,
				94AEA8E91DCF753A00C84B69 /* Frameworks */,
				94AEA8EA1DCF753A00C84B69 /* Resources */,
			);
			buildRules = (
			);
			dependencies = (
				94AEA8EE1DCF753A00C84B69 /* PBXTargetDependency */,
			);
			name = HamburguesasDelMundoTests;
			productName = HamburguesasDelMundoTests;
			productReference = 94AEA8EC1DCF753A00C84B69 /* HamburguesasDelMundoTests.xctest */;
			productType = "com.apple.product-type.bundle.unit-test";
		};
		94AEA8F61DCF753A00C84B69 /* HamburguesasDelMundoUITests */ = {
			isa = PBXNativeTarget;
			buildConfigurationList = 94AEA9061DCF753A00C84B69 /* Build configuration list for PBXNativeTarget "HamburguesasDelMundoUITests" */;
			buildPhases = (
				94AEA8F31DCF753A00C84B69 /* Sources */,
				94AEA8F41DCF753A00C84B69 /* Frameworks */,
				94AEA8F51DCF753A00C84B69 /* Resources */,
			);
			buildRules = (
			);
			dependencies = (
				94AEA8F91DCF753A00C84B69 /* PBXTargetDependency */,
			);
			name = HamburguesasDelMundoUITests;
			productName = HamburguesasDelMundoUITests;
			productReference = 94AEA8F71DCF753A00C84B69 /* HamburguesasDelMundoUITests.xctest */;
			productType = "com.apple.product-type.bundle.ui-testing";
		};
/* End PBXNativeTarget section */

/* Begin PBXProject section */
		94AEA8D01DCF753A00C84B69 /* Project object */ = {
			isa = PBXProject;
			attributes = {
				LastSwiftUpdateCheck = 0810;
				LastUpgradeCheck = 0810;
				ORGANIZATIONNAME = nimroad;
				TargetAttributes = {
					94AEA8D71DCF753A00C84B69 = {
						CreatedOnToolsVersion = 8.1;
						ProvisioningStyle = Automatic;
					};
					94AEA8EB1DCF753A00C84B69 = {
						CreatedOnToolsVersion = 8.1;
						ProvisioningStyle = Automatic;
						TestTargetID = 94AEA8D71DCF753A00C84B69;
					};
					94AEA8F61DCF753A00C84B69 = {
						CreatedOnToolsVersion = 8.1;
						ProvisioningStyle = Automatic;
						TestTargetID = 94AEA8D71DCF753A00C84B69;
					};
				};
			};
			buildConfigurationList = 94AEA8D31DCF753A00C84B69 /* Build configuration list for PBXProject "HamburguesasDelMundo" */;
			compatibilityVersion = "Xcode 3.2";
			developmentRegion = English;
			hasScannedForEncodings = 0;
			knownRegions = (
				en,
				Base,
			);
			mainGroup = 94AEA8CF1DCF753A00C84B69;
			productRefGroup = 94AEA8D91DCF753A00C84B69 /* Products */;
			projectDirPath = "";
			projectRoot = "";
			targets = (
				94AEA8D71DCF753A00C84B69 /* HamburguesasDelMundo */,
				94AEA8EB1DCF753A00C84B69 /* HamburguesasDelMundoTests */,
				94AEA8F61DCF753A00C84B69 /* HamburguesasDelMundoUITests */,
			);
		};
/* End PBXProject section */

/* Begin PBXResourcesBuildPhase section */
		94AEA8D61DCF753A00C84B69 /* Resources */ = {
			isa = PBXResourcesBuildPhase;
			buildActionMask = 2147483647;
			files = (
				94AEA8E61DCF753A00C84B69 /* LaunchScreen.storyboard in Resources */,
				94AEA8E31DCF753A00C84B69 /* Assets.xcassets in Resources */,
				94AEA8E11DCF753A00C84B69 /* Main.storyboard in Resources */,
			);
			runOnlyForDeploymentPostprocessing = 0;
		};
		94AEA8EA1DCF753A00C84B69 /* Resources */ = {
			isa = PBXResourcesBuildPhase;
			buildActionMask = 2147483647;
			files = (
			);
			runOnlyForDeploymentPostprocessing = 0;
		};
		94AEA8F51DCF753A00C84B69 /* Resources */ = {
			isa = PBXResourcesBuildPhase;
			buildActionMask = 2147483647;
			files = (
			);
			runOnlyForDeploymentPostprocessing = 0;
		};
/* End PBXResourcesBuildPhase section */

/* Begin PBXSourcesBuildPhase section */
		94AEA8D41DCF753A00C84B69 /* Sources */ = {
			isa = PBXSourcesBuildPhase;
			buildActionMask = 2147483647;
			files = (
				94AEA8DE1DCF753A00C84B69 /* ViewController.swift in Sources */,
				94AEA8DC1DCF753A00C84B69 /* AppDelegate.swift in Sources */,
				94AEA90A1DCF78C700C84B69 /* Datos.swift in Sources */,
			);
			runOnlyForDeploymentPostprocessing = 0;
		};
		94AEA8E81DCF753A00C84B69 /* Sources */ = {
			isa = PBXSourcesBuildPhase;
			buildActionMask = 2147483647;
			files = (
				94AEA8F11DCF753A00C84B69 /* HamburguesasDelMundoTests.swift in Sources */,
			);
			runOnlyForDeploymentPostprocessing = 0;
		};
		94AEA8F31DCF753A00C84B69 /* Sources */ = {
			isa = PBXSourcesBuildPhase;
			buildActionMask = 2147483647;
			files = (
				94AEA8FC1DCF753A00C84B69 /* HamburguesasDelMundoUITests.swift in Sources */,
			);
			runOnlyForDeploymentPostprocessing = 0;
		};
/* End PBXSourcesBuildPhase section */

/* Begin PBXTargetDependency section */
		94AEA8EE1DCF753A00C84B69 /* PBXTargetDependency */ = {
			isa = PBXTargetDependency;
			target = 94AEA8D71DCF753A00C84B69 /* HamburguesasDelMundo */;
			targetProxy = 94AEA8ED1DCF753A00C84B69 /* PBXContainerItemProxy */;
		};
		94AEA8F91DCF753A00C84B69 /* PBXTargetDependency */ = {
			isa = PBXTargetDependency;
			target = 94AEA8D71DCF753A00C84B69 /* HamburguesasDelMundo */;
			targetProxy = 94AEA8F81DCF753A00C84B69 /* PBXContainerItemProxy */;
		};
/* End PBXTargetDependency section */

/* Begin PBXVariantGroup section */
		94AEA8DF1DCF753A00C84B69 /* Main.storyboard */ = {
			isa = PBXVariantGroup;
			children = (
				94AEA8E01DCF753A00C84B69 /* Base */,
			);
			name = Main.storyboard;
			sourceTree = "<group>";
		};
		94AEA8E41DCF753A00C84B69 /* LaunchScreen.storyboard */ = {
			isa = PBXVariantGroup;
			children = (
				94AEA8E51DCF753A00C84B69 /* Base */,
			);
			name = LaunchScreen.storyboard;
			sourceTree = "<group>";
		};
/* End PBXVariantGroup section */

/* Begin XCBuildConfiguration section */
		94AEA8FE1DCF753A00C84B69 /* Debug */ = {
			isa = XCBuildConfiguration;
			buildSettings = {
				ALWAYS_SEARCH_USER_PATHS = NO;
				CLANG_ANALYZER_NONNULL = YES;
				CLANG_CXX_LANGUAGE_STANDARD = "gnu++0x";
				CLANG_CXX_LIBRARY = "libc++";
				CLANG_ENABLE_MODULES = YES;
				CLANG_ENABLE_OBJC_ARC = YES;
				CLANG_WARN_BOOL_CONVERSION = YES;
				CLANG_WARN_CONSTANT_CONVERSION = YES;
				CLANG_WARN_DIRECT_OBJC_ISA_USAGE = YES_ERROR;
				CLANG_WARN_DOCUMENTATION_COMMENTS = YES;
				CLANG_WARN_EMPTY_BODY = YES;
				CLANG_WARN_ENUM_CONVERSION = YES;
				CLANG_WARN_INFINITE_RECURSION = YES;
				CLANG_WARN_INT_CONVERSION = YES;
				CLANG_WARN_OBJC_ROOT_CLASS = YES_ERROR;
				CLANG_WARN_SUSPICIOUS_MOVES = YES;
				CLANG_WARN_UNREACHABLE_CODE = YES;
				CLANG_WARN__DUPLICATE_METHOD_MATCH = YES;
				"CODE_SIGN_IDENTITY[sdk=iphoneos*]" = "iPhone Developer";
				COPY_PHASE_STRIP = NO;
				DEBUG_INFORMATION_FORMAT = dwarf;
				ENABLE_STRICT_OBJC_MSGSEND = YES;
				ENABLE_TESTABILITY = YES;
				GCC_C_LANGUAGE_STANDARD = gnu99;
				GCC_DYNAMIC_NO_PIC = NO;
				GCC_NO_COMMON_BLOCKS = YES;
				GCC_OPTIMIZATION_LEVEL = 0;
				GCC_PREPROCESSOR_DEFINITIONS = (
					"DEBUG=1",
					"$(inherited)",
				);
				GCC_WARN_64_TO_32_BIT_CONVERSION = YES;
				GCC_WARN_ABOUT_RETURN_TYPE = YES_ERROR;
				GCC_WARN_UNDECLARED_SELECTOR = YES;
				GCC_WARN_UNINITIALIZED_AUTOS = YES_AGGRESSIVE;
				GCC_WARN_UNUSED_FUNCTION = YES;
				GCC_WARN_UNUSED_VARIABLE = YES;
				IPHONEOS_DEPLOYMENT_TARGET = 10.1;
				MTL_ENABLE_DEBUG_INFO = YES;
				ONLY_ACTIVE_ARCH = YES;
				SDKROOT = iphoneos;
				SWIFT_ACTIVE_COMPILATION_CONDITIONS = DEBUG;
				SWIFT_OPTIMIZATION_LEVEL = "-Onone";
			};
			name = Debug;
		};
		94AEA8FF1DCF753A00C84B69 /* Release */ = {
			isa = XCBuildConfiguration;
			buildSettings = {
				ALWAYS_SEARCH_USER_PATHS = NO;
				CLANG_ANALYZER_NONNULL = YES;
				CLANG_CXX_LANGUAGE_STANDARD = "gnu++0x";
				CLANG_CXX_LIBRARY = "libc++";
				CLANG_ENABLE_MODULES = YES;
				CLANG_ENABLE_OBJC_ARC = YES;
				CLANG_WARN_BOOL_CONVERSION = YES;
				CLANG_WARN_CONSTANT_CONVERSION = YES;
				CLANG_WARN_DIRECT_OBJC_ISA_USAGE = YES_ERROR;
				CLANG_WARN_DOCUMENTATION_COMMENTS = YES;
				CLANG_WARN_EMPTY_BODY = YES;
				CLANG_WARN_ENUM_CONVERSION = YES;
				CLANG_WARN_INFINITE_RECURSION = YES;
				CLANG_WARN_INT_CONVERSION = YES;
				CLANG_WARN_OBJC_ROOT_CLASS = YES_ERROR;
				CLANG_WARN_SUSPICIOUS_MOVES = YES;
				CLANG_WARN_UNREACHABLE_CODE = YES;
				CLANG_WARN__DUPLICATE_METHOD_MATCH = YES;
				"CODE_SIGN_IDENTITY[sdk=iphoneos*]" = "iPhone Developer";
				COPY_PHASE_STRIP = NO;
				DEBUG_INFORMATION_FORMAT = "dwarf-with-dsym";
				ENABLE_NS_ASSERTIONS = NO;
				ENABLE_STRICT_OBJC_MSGSEND = YES;
				GCC_C_LANGUAGE_STANDARD = gnu99;
				GCC_NO_COMMON_BLOCKS = YES;
				GCC_WARN_64_TO_32_BIT_CONVERSION = YES;
				GCC_WARN_ABOUT_RETURN_TYPE = YES_ERROR;
				GCC_WARN_UNDECLARED_SELECTOR = YES;
				GCC_WARN_UNINITIALIZED_AUTOS = YES_AGGRESSIVE;
				GCC_WARN_UNUSED_FUNCTION = YES;
				GCC_WARN_UNUSED_VARIABLE = YES;
				IPHONEOS_DEPLOYMENT_TARGET = 10.1;
				MTL_ENABLE_DEBUG_INFO = NO;
				SDKROOT = iphoneos;
				SWIFT_OPTIMIZATION_LEVEL = "-Owholemodule";
				VALIDATE_PRODUCT = YES;
			};
			name = Release;
		};
		94AEA9011DCF753A00C84B69 /* Debug */ = {
			isa = XCBuildConfiguration;
			buildSettings = {
				ASSETCATALOG_COMPILER_APPICON_NAME = AppIcon;
				INFOPLIST_FILE = HamburguesasDelMundo/Info.plist;
				LD_RUNPATH_SEARCH_PATHS = "$(inherited) @executable_path/Frameworks";
				PRODUCT_BUNDLE_IDENTIFIER = mx.nimroad.HamburguesasDelMundo;
				PRODUCT_NAME = "$(TARGET_NAME)";
				SWIFT_VERSION = 3.0;
			};
			name = Debug;
		};
		94AEA9021DCF753A00C84B69 /* Release */ = {
			isa = XCBuildConfiguration;
			buildSettings = {
				ASSETCATALOG_COMPILER_APPICON_NAME = AppIcon;
				INFOPLIST_FILE = HamburguesasDelMundo/Info.plist;
				LD_RUNPATH_SEARCH_PATHS = "$(inherited) @executable_path/Frameworks";
				PRODUCT_BUNDLE_IDENTIFIER = mx.nimroad.HamburguesasDelMundo;
				PRODUCT_NAME = "$(TARGET_NAME)";
				SWIFT_VERSION = 3.0;
			};
			name = Release;
		};
		94AEA9041DCF753A00C84B69 /* Debug */ = {
			isa = XCBuildConfiguration;
			buildSettings = {
				ALWAYS_EMBED_SWIFT_STANDARD_LIBRARIES = YES;
				BUNDLE_LOADER = "$(TEST_HOST)";
				INFOPLIST_FILE = HamburguesasDelMundoTests/Info.plist;
				LD_RUNPATH_SEARCH_PATHS = "$(inherited) @executable_path/Frameworks @loader_path/Frameworks";
				PRODUCT_BUNDLE_IDENTIFIER = mx.nimroad.HamburguesasDelMundoTests;
				PRODUCT_NAME = "$(TARGET_NAME)";
				SWIFT_VERSION = 3.0;
				TEST_HOST = "$(BUILT_PRODUCTS_DIR)/HamburguesasDelMundo.app/HamburguesasDelMundo";
			};
			name = Debug;
		};
		94AEA9051DCF753A00C84B69 /* Release */ = {
			isa = XCBuildConfiguration;
			buildSettings = {
				ALWAYS_EMBED_SWIFT_STANDARD_LIBRARIES = YES;
				BUNDLE_LOADER = "$(TEST_HOST)";
				INFOPLIST_FILE = HamburguesasDelMundoTests/Info.plist;
				LD_RUNPATH_SEARCH_PATHS = "$(inherited) @executable_path/Frameworks @loader_path/Frameworks";
				PRODUCT_BUNDLE_IDENTIFIER = mx.nimroad.HamburguesasDelMundoTests;
				PRODUCT_NAME = "$(TARGET_NAME)";
				SWIFT_VERSION = 3.0;
				TEST_HOST = "$(BUILT_PRODUCTS_DIR)/HamburguesasDelMundo.app/HamburguesasDelMundo";
			};
			name = Release;
		};
		94AEA9071DCF753A00C84B69 /* Debug */ = {
			isa = XCBuildConfiguration;
			buildSettings = {
				ALWAYS_EMBED_SWIFT_STANDARD_LIBRARIES = YES;
				INFOPLIST_FILE = HamburguesasDelMundoUITests/Info.plist;
				LD_RUNPATH_SEARCH_PATHS = "$(inherited) @executable_path/Frameworks @loader_path/Frameworks";
				PRODUCT_BUNDLE_IDENTIFIER = mx.nimroad.HamburguesasDelMundoUITests;
				PRODUCT_NAME = "$(TARGET_NAME)";
				SWIFT_VERSION = 3.0;
				TEST_TARGET_NAME = HamburguesasDelMundo;
			};
			name = Debug;
		};
		94AEA9081DCF753A00C84B69 /* Release */ = {
			isa = XCBuildConfiguration;
			buildSettings = {
				ALWAYS_EMBED_SWIFT_STANDARD_LIBRARIES = YES;
				INFOPLIST_FILE = HamburguesasDelMundoUITests/Info.plist;
				LD_RUNPATH_SEARCH_PATHS = "$(inherited) @executable_path/Frameworks @loader_path/Frameworks";
				PRODUCT_BUNDLE_IDENTIFIER = mx.nimroad.HamburguesasDelMundoUITests;
				PRODUCT_NAME = "$(TARGET_NAME)";
				SWIFT_VERSION = 3.0;
				TEST_TARGET_NAME = HamburguesasDelMundo;
			};
			name = Release;
		};
/* End XCBuildConfiguration section */

/* Begin XCConfigurationList section */
		94AEA8D31DCF753A00C84B69 /* Build configuration list for PBXProject "HamburguesasDelMundo" */ = {
			isa = XCConfigurationList;
			buildConfigurations = (
				94AEA8FE1DCF753A00C84B69 /* Debug */,
				94AEA8FF1DCF753A00C84B69 /* Release */,
			);
			defaultConfigurationIsVisible = 0;
			defaultConfigurationName = Release;
		};
		94AEA9001DCF753A00C84B69 /* Build configuration list for PBXNativeTarget "HamburguesasDelMundo" */ = {
			isa = XCConfigurationList;
			buildConfigurations = (
				94AEA9011DCF753A00C84B69 /* Debug */,
				94AEA9021DCF753A00C84B69 /* Release */,
			);
			defaultConfigurationIsVisible = 0;
		};
		94AEA9031DCF753A00C84B69 /* Build configuration list for PBXNativeTarget "HamburguesasDelMundoTests" */ = {
			isa = XCConfigurationList;
			buildConfigurations = (
				94AEA9041DCF753A00C84B69 /* Debug */,
				94AEA9051DCF753A00C84B69 /* Release */,
			);
			defaultConfigurationIsVisible = 0;
		};
		94AEA9061DCF753A00C84B69 /* Build configuration list for PBXNativeTarget "HamburguesasDelMundoUITests" */ = {
			isa = XCConfigurationList;
			buildConfigurations = (
				94AEA9071DCF753A00C84B69 /* Debug */,
				94AEA9081DCF753A00C84B69 /* Release */,
			);
			defaultConfigurationIsVisible = 0;
		};
/* End XCConfigurationList section */
	};
	rootObject = 94AEA8D01DCF753A00C84B69 /* Project object */;
}
